lockfileVersion: 5.4

specifiers:
  '@rc-component/color-picker': 1.0.0
  '@types/react': ^18.2.6
  '@types/react-dom': ^18.2.4
  '@webgpu/types': ^0.1.31
  antd: ^5.5.0
  gl-matrix: ^3.4.3
  react: ^18.2.0
  react-dom: ^18.2.0
  typescript: ^4.9.4
  vite: ^4.0.4

dependencies:
  '@rc-component/color-picker': 1.0.0_biqbaboplfbrettd7655fr4n2y
  antd: 5.5.0_biqbaboplfbrettd7655fr4n2y
  gl-matrix: 3.4.3
  react: 18.2.0
  react-dom: 18.2.0_react@18.2.0

devDependencies:
  '@types/react': 18.2.6
  '@types/react-dom': 18.2.4
  '@webgpu/types': 0.1.31
  typescript: 4.9.5
  vite: 4.3.2

packages:

  /@ant-design/colors/7.0.0:
    resolution: {integrity: sha512-iVm/9PfGCbC0dSMBrz7oiEXZaaGH7ceU40OJEfKmyuzR9R5CRimJYPlRiFtMQGQcbNMea/ePcoIebi4ASGYXtg==}
    dependencies:
      '@ctrl/tinycolor': 3.6.0
    dev: false

  /@ant-design/cssinjs/1.9.1_biqbaboplfbrettd7655fr4n2y:
    resolution: {integrity: sha512-CZt1vCMs/sY7RoacYuIkZwQmb8Bhp99ReNNE9Y8lnUzik8fmCdKAQA7ecvVOFwmNFdcBHga7ye/XIRrsbkiqWw==}
    peerDependencies:
      react: '>=16.0.0'
      react-dom: '>=16.0.0'
    dependencies:
      '@babel/runtime': 7.21.5
      '@emotion/hash': 0.8.0
      '@emotion/unitless': 0.7.5
      classnames: 2.3.2
      csstype: 3.1.2
      rc-util: 5.30.0_biqbaboplfbrettd7655fr4n2y
      react: 18.2.0
      react-dom: 18.2.0_react@18.2.0
      stylis: 4.2.0
    dev: false

  /@ant-design/icons-svg/4.2.1:
    resolution: {integrity: sha512-EB0iwlKDGpG93hW8f85CTJTs4SvMX7tt5ceupvhALp1IF44SeUFOMhKUOYqpsoYWQKAOuTRDMqn75rEaKDp0Xw==}
    dev: false

  /@ant-design/icons/5.0.1_biqbaboplfbrettd7655fr4n2y:
    resolution: {integrity: sha512-ZyF4ksXCcdtwA/1PLlnFLcF/q8/MhwxXhKHh4oCHDA4Ip+ZzAHoICtyp4wZWfiCVDP0yuz3HsjyvuldHFb3wjA==}
    engines: {node: '>=8'}
    peerDependencies:
      react: '>=16.0.0'
      react-dom: '>=16.0.0'
    dependencies:
      '@ant-design/colors': 7.0.0
      '@ant-design/icons-svg': 4.2.1
      '@babel/runtime': 7.21.5
      classnames: 2.3.2
      rc-util: 5.30.0_biqbaboplfbrettd7655fr4n2y
      react: 18.2.0
      react-dom: 18.2.0_react@18.2.0
    dev: false

  /@ant-design/react-slick/1.0.1_react@18.2.0:
    resolution: {integrity: sha512-ARM0TmpGdDuUVE10NwUCENQlJSInNKo5NiBjL5szu5BxWNEHNwQMcDrlVCqFbkvFLy+2CvywW8Y59QJtC0YDag==}
    peerDependencies:
      react: '>=16.9.0'
    dependencies:
      '@babel/runtime': 7.21.5
      classnames: 2.3.2
      json2mq: 0.2.0
      react: 18.2.0
      resize-observer-polyfill: 1.5.1
      throttle-debounce: 5.0.0
    dev: false

  /@babel/runtime/7.21.5:
    resolution: {integrity: sha512-8jI69toZqqcsnqGGqwGS4Qb1VwLOEp4hz+CXPywcvjs60u3B4Pom/U/7rm4W8tMOYEB+E9wgD0mW1l3r8qlI9Q==}
    engines: {node: '>=6.9.0'}
    dependencies:
      regenerator-runtime: 0.13.11
    dev: false

  /@ctrl/tinycolor/3.6.0:
    resolution: {integrity: sha512-/Z3l6pXthq0JvMYdUFyX9j0MaCltlIn6mfh9jLyQwg5aPKxkyNa0PTHtU1AlFXLNk55ZuAeJRcpvq+tmLfKmaQ==}
    engines: {node: '>=10'}
    dev: false

  /@emotion/hash/0.8.0:
    resolution: {integrity: sha512-kBJtf7PH6aWwZ6fka3zQ0p6SBYzx4fl1LoZXE2RrnYST9Xljm7WfKJrU4g/Xr3Beg72MLrp1AWNUmuYJTL7Cow==}
    dev: false

  /@emotion/unitless/0.7.5:
    resolution: {integrity: sha512-OWORNpfjMsSSUBVrRBVGECkhWcULOAJz9ZW8uK9qgxD+87M7jHRcvh/A96XXNhXTLmKcoYSQtBEX7lHMO7YRwg==}
    dev: false

  /@esbuild/android-arm/0.17.18:
    resolution: {integrity: sha512-EmwL+vUBZJ7mhFCs5lA4ZimpUH3WMAoqvOIYhVQwdIgSpHC8ImHdsRyhHAVxpDYUSm0lWvd63z0XH1IlImS2Qw==}
    engines: {node: '>=12'}
    cpu: [arm]
    os: [android]
    requiresBuild: true
    dev: true
    optional: true

  /@esbuild/android-arm64/0.17.18:
    resolution: {integrity: sha512-/iq0aK0eeHgSC3z55ucMAHO05OIqmQehiGay8eP5l/5l+iEr4EIbh4/MI8xD9qRFjqzgkc0JkX0LculNC9mXBw==}
    engines: {node: '>=12'}
    cpu: [arm64]
    os: [android]
    requiresBuild: true
    dev: true
    optional: true

  /@esbuild/android-x64/0.17.18:
    resolution: {integrity: sha512-x+0efYNBF3NPW2Xc5bFOSFW7tTXdAcpfEg2nXmxegm4mJuVeS+i109m/7HMiOQ6M12aVGGFlqJX3RhNdYM2lWg==}
    engines: {node: '>=12'}
    cpu: [x64]
    os: [android]
    requiresBuild: true
    dev: true
    optional: true

  /@esbuild/darwin-arm64/0.17.18:
    resolution: {integrity: sha512-6tY+djEAdF48M1ONWnQb1C+6LiXrKjmqjzPNPWXhu/GzOHTHX2nh8Mo2ZAmBFg0kIodHhciEgUBtcYCAIjGbjQ==}
    engines: {node: '>=12'}
    cpu: [arm64]
    os: [darwin]
    requiresBuild: true
    dev: true
    optional: true

  /@esbuild/darwin-x64/0.17.18:
    resolution: {integrity: sha512-Qq84ykvLvya3dO49wVC9FFCNUfSrQJLbxhoQk/TE1r6MjHo3sFF2tlJCwMjhkBVq3/ahUisj7+EpRSz0/+8+9A==}
    engines: {node: '>=12'}
    cpu: [x64]
    os: [darwin]
    requiresBuild: true
    dev: true
    optional: true

  /@esbuild/freebsd-arm64/0.17.18:
    resolution: {integrity: sha512-fw/ZfxfAzuHfaQeMDhbzxp9mc+mHn1Y94VDHFHjGvt2Uxl10mT4CDavHm+/L9KG441t1QdABqkVYwakMUeyLRA==}
    engines: {node: '>=12'}
    cpu: [arm64]
    os: [freebsd]
    requiresBuild: true
    dev: true
    optional: true

  /@esbuild/freebsd-x64/0.17.18:
    resolution: {integrity: sha512-FQFbRtTaEi8ZBi/A6kxOC0V0E9B/97vPdYjY9NdawyLd4Qk5VD5g2pbWN2VR1c0xhzcJm74HWpObPszWC+qTew==}
    engines: {node: '>=12'}
    cpu: [x64]
    os: [freebsd]
    requiresBuild: true
    dev: true
    optional: true

  /@esbuild/linux-arm/0.17.18:
    resolution: {integrity: sha512-jW+UCM40LzHcouIaqv3e/oRs0JM76JfhHjCavPxMUti7VAPh8CaGSlS7cmyrdpzSk7A+8f0hiedHqr/LMnfijg==}
    engines: {node: '>=12'}
    cpu: [arm]
    os: [linux]
    requiresBuild: true
    dev: true
    optional: true

  /@esbuild/linux-arm64/0.17.18:
    resolution: {integrity: sha512-R7pZvQZFOY2sxUG8P6A21eq6q+eBv7JPQYIybHVf1XkQYC+lT7nDBdC7wWKTrbvMXKRaGudp/dzZCwL/863mZQ==}
    engines: {node: '>=12'}
    cpu: [arm64]
    os: [linux]
    requiresBuild: true
    dev: true
    optional: true

  /@esbuild/linux-ia32/0.17.18:
    resolution: {integrity: sha512-ygIMc3I7wxgXIxk6j3V00VlABIjq260i967Cp9BNAk5pOOpIXmd1RFQJQX9Io7KRsthDrQYrtcx7QCof4o3ZoQ==}
    engines: {node: '>=12'}
    cpu: [ia32]
    os: [linux]
    requiresBuild: true
    dev: true
    optional: true

  /@esbuild/linux-loong64/0.17.18:
    resolution: {integrity: sha512-bvPG+MyFs5ZlwYclCG1D744oHk1Pv7j8psF5TfYx7otCVmcJsEXgFEhQkbhNW8otDHL1a2KDINW20cfCgnzgMQ==}
    engines: {node: '>=12'}
    cpu: [loong64]
    os: [linux]
    requiresBuild: true
    dev: true
    optional: true

  /@esbuild/linux-mips64el/0.17.18:
    resolution: {integrity: sha512-oVqckATOAGuiUOa6wr8TXaVPSa+6IwVJrGidmNZS1cZVx0HqkTMkqFGD2HIx9H1RvOwFeWYdaYbdY6B89KUMxA==}
    engines: {node: '>=12'}
    cpu: [mips64el]
    os: [linux]
    requiresBuild: true
    dev: true
    optional: true

  /@esbuild/linux-ppc64/0.17.18:
    resolution: {integrity: sha512-3dLlQO+b/LnQNxgH4l9rqa2/IwRJVN9u/bK63FhOPB4xqiRqlQAU0qDU3JJuf0BmaH0yytTBdoSBHrb2jqc5qQ==}
    engines: {node: '>=12'}
    cpu: [ppc64]
    os: [linux]
    requiresBuild: true
    dev: true
    optional: true

  /@esbuild/linux-riscv64/0.17.18:
    resolution: {integrity: sha512-/x7leOyDPjZV3TcsdfrSI107zItVnsX1q2nho7hbbQoKnmoeUWjs+08rKKt4AUXju7+3aRZSsKrJtaRmsdL1xA==}
    engines: {node: '>=12'}
    cpu: [riscv64]
    os: [linux]
    requiresBuild: true
    dev: true
    optional: true

  /@esbuild/linux-s390x/0.17.18:
    resolution: {integrity: sha512-cX0I8Q9xQkL/6F5zWdYmVf5JSQt+ZfZD2bJudZrWD+4mnUvoZ3TDDXtDX2mUaq6upMFv9FlfIh4Gfun0tbGzuw==}
    engines: {node: '>=12'}
    cpu: [s390x]
    os: [linux]
    requiresBuild: true
    dev: true
    optional: true

  /@esbuild/linux-x64/0.17.18:
    resolution: {integrity: sha512-66RmRsPlYy4jFl0vG80GcNRdirx4nVWAzJmXkevgphP1qf4dsLQCpSKGM3DUQCojwU1hnepI63gNZdrr02wHUA==}
    engines: {node: '>=12'}
    cpu: [x64]
    os: [linux]
    requiresBuild: true
    dev: true
    optional: true

  /@esbuild/netbsd-x64/0.17.18:
    resolution: {integrity: sha512-95IRY7mI2yrkLlTLb1gpDxdC5WLC5mZDi+kA9dmM5XAGxCME0F8i4bYH4jZreaJ6lIZ0B8hTrweqG1fUyW7jbg==}
    engines: {node: '>=12'}
    cpu: [x64]
    os: [netbsd]
    requiresBuild: true
    dev: true
    optional: true

  /@esbuild/openbsd-x64/0.17.18:
    resolution: {integrity: sha512-WevVOgcng+8hSZ4Q3BKL3n1xTv5H6Nb53cBrtzzEjDbbnOmucEVcZeGCsCOi9bAOcDYEeBZbD2SJNBxlfP3qiA==}
    engines: {node: '>=12'}
    cpu: [x64]
    os: [openbsd]
    requiresBuild: true
    dev: true
    optional: true

  /@esbuild/sunos-x64/0.17.18:
    resolution: {integrity: sha512-Rzf4QfQagnwhQXVBS3BYUlxmEbcV7MY+BH5vfDZekU5eYpcffHSyjU8T0xucKVuOcdCsMo+Ur5wmgQJH2GfNrg==}
    engines: {node: '>=12'}
    cpu: [x64]
    os: [sunos]
    requiresBuild: true
    dev: true
    optional: true

  /@esbuild/win32-arm64/0.17.18:
    resolution: {integrity: sha512-Kb3Ko/KKaWhjeAm2YoT/cNZaHaD1Yk/pa3FTsmqo9uFh1D1Rfco7BBLIPdDOozrObj2sahslFuAQGvWbgWldAg==}
    engines: {node: '>=12'}
    cpu: [arm64]
    os: [win32]
    requiresBuild: true
    dev: true
    optional: true

  /@esbuild/win32-ia32/0.17.18:
    resolution: {integrity: sha512-0/xUMIdkVHwkvxfbd5+lfG7mHOf2FRrxNbPiKWg9C4fFrB8H0guClmaM3BFiRUYrznVoyxTIyC/Ou2B7QQSwmw==}
    engines: {node: '>=12'}
    cpu: [ia32]
    os: [win32]
    requiresBuild: true
    dev: true
    optional: true

  /@esbuild/win32-x64/0.17.18:
    resolution: {integrity: sha512-qU25Ma1I3NqTSHJUOKi9sAH1/Mzuvlke0ioMJRthLXKm7JiSKVwFghlGbDLOO2sARECGhja4xYfRAZNPAkooYg==}
    engines: {node: '>=12'}
    cpu: [x64]
    os: [win32]
    requiresBuild: true
    dev: true
    optional: true

  /@rc-component/color-picker/1.0.0_biqbaboplfbrettd7655fr4n2y:
    resolution: {integrity: sha512-8u7S744okf5CY+LAR4v3j8xgK0x39hiqoiIhoSkYNqGF4wysv4N99/t30od9wQhHzZe7rXBXmiQlkP34pTSxhg==}
    peerDependencies:
      react: '>=16.9.0'
      react-dom: '>=16.9.0'
    dependencies:
      '@babel/runtime': 7.21.5
      '@ctrl/tinycolor': 3.6.0
      '@rc-component/context': 1.3.0_biqbaboplfbrettd7655fr4n2y
      '@rc-component/trigger': 1.13.0_biqbaboplfbrettd7655fr4n2y
      classnames: 2.3.2
      react: 18.2.0
      react-dom: 18.2.0_react@18.2.0
    dev: false

  /@rc-component/context/1.3.0_biqbaboplfbrettd7655fr4n2y:
    resolution: {integrity: sha512-6QdaCJ7Wn5UZLJs15IEfqy4Ru3OaL5ctqpQYWd5rlfV9wwzrzdt6+kgAQZV/qdB0MUPN4nhyBfRembQCIvBf+w==}
    peerDependencies:
      react: '>=16.9.0'
      react-dom: '>=16.9.0'
    dependencies:
      '@babel/runtime': 7.21.5
      rc-util: 5.30.0_biqbaboplfbrettd7655fr4n2y
      react: 18.2.0
      react-dom: 18.2.0_react@18.2.0
    dev: false

  /@rc-component/mini-decimal/1.0.1:
    resolution: {integrity: sha512-9N8nRk0oKj1qJzANKl+n9eNSMUGsZtjwNuDCiZ/KA+dt1fE3zq5x2XxclRcAbOIXnZcJ53ozP2Pa60gyELXagA==}
    engines: {node: '>=8.x'}
    dependencies:
      '@babel/runtime': 7.21.5
    dev: false

  /@rc-component/mutate-observer/1.0.0_biqbaboplfbrettd7655fr4n2y:
    resolution: {integrity: sha512-okqRJSfNisXdI6CUeOLZC5ukBW/8kir2Ii4PJiKpUt+3+uS7dxwJUMxsUZquxA1rQuL8YcEmKVp/TCnR+yUdZA==}
    engines: {node: '>=8.x'}
    peerDependencies:
      react: '>=16.9.0'
      react-dom: '>=16.9.0'
    dependencies:
      '@babel/runtime': 7.21.5
      classnames: 2.3.2
      rc-util: 5.30.0_biqbaboplfbrettd7655fr4n2y
      react: 18.2.0
      react-dom: 18.2.0_react@18.2.0
    dev: false

  /@rc-component/portal/1.1.1_biqbaboplfbrettd7655fr4n2y:
    resolution: {integrity: sha512-m8w3dFXX0H6UkJ4wtfrSwhe2/6M08uz24HHrF8pWfAXPwA9hwCuTE5per/C86KwNLouRpwFGcr7LfpHaa1F38g==}
    engines: {node: '>=8.x'}
    peerDependencies:
      react: '>=16.9.0'
      react-dom: '>=16.9.0'
    dependencies:
      '@babel/runtime': 7.21.5
      classnames: 2.3.2
      rc-util: 5.30.0_biqbaboplfbrettd7655fr4n2y
      react: 18.2.0
      react-dom: 18.2.0_react@18.2.0
    dev: false

  /@rc-component/tour/1.8.0_biqbaboplfbrettd7655fr4n2y:
    resolution: {integrity: sha512-rrRGioHTLQlGca27G2+lw7QpRb3uuMYCUIJjj31/B44VCJS0P2tqYhOgtzvWQmaLMlWH3ZlpzotkKX13NT4XEA==}
    engines: {node: '>=8.x'}
    peerDependencies:
      react: '>=16.9.0'
      react-dom: '>=16.9.0'
    dependencies:
      '@babel/runtime': 7.21.5
      '@rc-component/portal': 1.1.1_biqbaboplfbrettd7655fr4n2y
      '@rc-component/trigger': 1.13.0_biqbaboplfbrettd7655fr4n2y
      classnames: 2.3.2
      rc-util: 5.30.0_biqbaboplfbrettd7655fr4n2y
      react: 18.2.0
      react-dom: 18.2.0_react@18.2.0
    dev: false

  /@rc-component/trigger/1.13.0_biqbaboplfbrettd7655fr4n2y:
    resolution: {integrity: sha512-3HEafu2+glZQn0LcW7DAMbYqVMOP5/MM37ta+AWA3kVOMyWlHos9QMUhxUgMzKCYzSY+W87W9ysf/ZXjHo4lOQ==}
    engines: {node: '>=8.x'}
    peerDependencies:
      react: '>=16.9.0'
      react-dom: '>=16.9.0'
    dependencies:
      '@babel/runtime': 7.21.5
      '@rc-component/portal': 1.1.1_biqbaboplfbrettd7655fr4n2y
      classnames: 2.3.2
      rc-align: 4.0.15_biqbaboplfbrettd7655fr4n2y
      rc-motion: 2.7.3_biqbaboplfbrettd7655fr4n2y
      rc-resize-observer: 1.3.1_biqbaboplfbrettd7655fr4n2y
      rc-util: 5.30.0_biqbaboplfbrettd7655fr4n2y
      react: 18.2.0
      react-dom: 18.2.0_react@18.2.0
    dev: false

  /@types/prop-types/15.7.5:
    resolution: {integrity: sha512-JCB8C6SnDoQf0cNycqd/35A7MjcnK+ZTqE7judS6o7utxUCg6imJg3QK2qzHKszlTjcj2cn+NwMB2i96ubpj7w==}
    dev: true

  /@types/react-dom/18.2.4:
    resolution: {integrity: sha512-G2mHoTMTL4yoydITgOGwWdWMVd8sNgyEP85xVmMKAPUBwQWm9wBPQUmvbeF4V3WBY1P7mmL4BkjQ0SqUpf1snw==}
    dependencies:
      '@types/react': 18.2.6
    dev: true

  /@types/react/18.2.6:
    resolution: {integrity: sha512-wRZClXn//zxCFW+ye/D2qY65UsYP1Fpex2YXorHc8awoNamkMZSvBxwxdYVInsHOZZd2Ppq8isnSzJL5Mpf8OA==}
    dependencies:
      '@types/prop-types': 15.7.5
      '@types/scheduler': 0.16.3
      csstype: 3.1.2
    dev: true

  /@types/scheduler/0.16.3:
    resolution: {integrity: sha512-5cJ8CB4yAx7BH1oMvdU0Jh9lrEXyPkar6F9G/ERswkCuvP4KQZfZkSjcMbAICCpQTN4OuZn8tz0HiKv9TGZgrQ==}
    dev: true

  /@webgpu/types/0.1.31:
    resolution: {integrity: sha512-ozP2mEPjnJvtE7Q8Fz0/FnW00gcM0ySV+hi/Q+ddLX/hQk4xoaRT1NtQQVSS3mbEUWkVC5pizEkwS40qe0GK+g==}
    dev: true

  /antd/5.5.0_biqbaboplfbrettd7655fr4n2y:
    resolution: {integrity: sha512-/9ZJPsTDUmh+n+A+T0mGJQfbzHB7elpI0hBlUYq6Pshld65VHwaodgVBe33KXKmM9MdmHj+V8fPg1SB8S4LoGA==}
    peerDependencies:
      react: '>=16.9.0'
      react-dom: '>=16.9.0'
    dependencies:
      '@ant-design/colors': 7.0.0
      '@ant-design/cssinjs': 1.9.1_biqbaboplfbrettd7655fr4n2y
      '@ant-design/icons': 5.0.1_biqbaboplfbrettd7655fr4n2y
      '@ant-design/react-slick': 1.0.1_react@18.2.0
      '@babel/runtime': 7.21.5
      '@ctrl/tinycolor': 3.6.0
      '@rc-component/color-picker': 1.0.0_biqbaboplfbrettd7655fr4n2y
      '@rc-component/mutate-observer': 1.0.0_biqbaboplfbrettd7655fr4n2y
      '@rc-component/tour': 1.8.0_biqbaboplfbrettd7655fr4n2y
      '@rc-component/trigger': 1.13.0_biqbaboplfbrettd7655fr4n2y
      classnames: 2.3.2
      copy-to-clipboard: 3.3.3
      dayjs: 1.11.7
      qrcode.react: 3.1.0_react@18.2.0
      rc-cascader: 3.11.2_biqbaboplfbrettd7655fr4n2y
      rc-checkbox: 3.0.1_biqbaboplfbrettd7655fr4n2y
      rc-collapse: 3.5.2_biqbaboplfbrettd7655fr4n2y
      rc-dialog: 9.1.0_biqbaboplfbrettd7655fr4n2y
      rc-drawer: 6.1.5_biqbaboplfbrettd7655fr4n2y
      rc-dropdown: 4.1.0_biqbaboplfbrettd7655fr4n2y
      rc-field-form: 1.31.0_biqbaboplfbrettd7655fr4n2y
      rc-image: 5.16.0_biqbaboplfbrettd7655fr4n2y
      rc-input: 1.0.4_biqbaboplfbrettd7655fr4n2y
      rc-input-number: 7.4.2_biqbaboplfbrettd7655fr4n2y
      rc-mentions: 2.2.0_biqbaboplfbrettd7655fr4n2y
      rc-menu: 9.8.4_biqbaboplfbrettd7655fr4n2y
      rc-motion: 2.7.3_biqbaboplfbrettd7655fr4n2y
      rc-notification: 5.0.4_biqbaboplfbrettd7655fr4n2y
      rc-pagination: 3.3.1_biqbaboplfbrettd7655fr4n2y
      rc-picker: 3.7.4_mlnkrlbros4rghcauwy625gk7y
      rc-progress: 3.4.1_biqbaboplfbrettd7655fr4n2y
      rc-rate: 2.10.0_biqbaboplfbrettd7655fr4n2y
      rc-resize-observer: 1.3.1_biqbaboplfbrettd7655fr4n2y
      rc-segmented: 2.2.0_biqbaboplfbrettd7655fr4n2y
      rc-select: 14.4.3_biqbaboplfbrettd7655fr4n2y
      rc-slider: 10.1.1_biqbaboplfbrettd7655fr4n2y
      rc-steps: 6.0.0_biqbaboplfbrettd7655fr4n2y
      rc-switch: 4.1.0_biqbaboplfbrettd7655fr4n2y
      rc-table: 7.32.1_biqbaboplfbrettd7655fr4n2y
      rc-tabs: 12.6.0_biqbaboplfbrettd7655fr4n2y
      rc-textarea: 1.2.3_biqbaboplfbrettd7655fr4n2y
      rc-tooltip: 6.0.1_biqbaboplfbrettd7655fr4n2y
      rc-tree: 5.7.3_biqbaboplfbrettd7655fr4n2y
      rc-tree-select: 5.8.0_biqbaboplfbrettd7655fr4n2y
      rc-upload: 4.3.4_biqbaboplfbrettd7655fr4n2y
      rc-util: 5.30.0_biqbaboplfbrettd7655fr4n2y
      react: 18.2.0
      react-dom: 18.2.0_react@18.2.0
      scroll-into-view-if-needed: 3.0.10
      throttle-debounce: 5.0.0
    transitivePeerDependencies:
      - date-fns
      - luxon
      - moment
    dev: false

  /array-tree-filter/2.1.0:
    resolution: {integrity: sha512-4ROwICNlNw/Hqa9v+rk5h22KjmzB1JGTMVKP2AKJBOCgb0yL0ASf0+YvCcLNNwquOHNX48jkeZIJ3a+oOQqKcw==}
    dev: false

  /async-validator/4.2.5:
    resolution: {integrity: sha512-7HhHjtERjqlNbZtqNqy2rckN/SpOOlmDliet+lP7k+eKZEjPk3DgyeU9lIXLdeLz0uBbbVp+9Qdow9wJWgwwfg==}
    dev: false

  /classnames/2.3.2:
    resolution: {integrity: sha512-CSbhY4cFEJRe6/GQzIk5qXZ4Jeg5pcsP7b5peFSDpffpe1cqjASH/n9UTjBwOp6XpMSTwQ8Za2K5V02ueA7Tmw==}
    dev: false

  /compute-scroll-into-view/3.0.3:
    resolution: {integrity: sha512-nadqwNxghAGTamwIqQSG433W6OADZx2vCo3UXHNrzTRHK/htu+7+L0zhjEoaeaQVNAi3YgqWDv8+tzf0hRfR+A==}
    dev: false

  /copy-to-clipboard/3.3.3:
    resolution: {integrity: sha512-2KV8NhB5JqC3ky0r9PMCAZKbUHSwtEo4CwCs0KXgruG43gX5PMqDEBbVU4OUzw2MuAWUfsuFmWvEKG5QRfSnJA==}
    dependencies:
      toggle-selection: 1.0.6
    dev: false

  /csstype/3.1.2:
    resolution: {integrity: sha512-I7K1Uu0MBPzaFKg4nI5Q7Vs2t+3gWWW648spaF+Rg7pI9ds18Ugn+lvg4SHczUdKlHI5LWBXyqfS8+DufyBsgQ==}

  /dayjs/1.11.7:
    resolution: {integrity: sha512-+Yw9U6YO5TQohxLcIkrXBeY73WP3ejHWVvx8XCk3gxvQDCTEmS48ZrSZCKciI7Bhl/uCMyxYtE9UqRILmFphkQ==}
    dev: false

  /dom-align/1.12.4:
    resolution: {integrity: sha512-R8LUSEay/68zE5c8/3BDxiTEvgb4xZTF0RKmAHfiEVN3klfIpXfi2/QCoiWPccVQ0J/ZGdz9OjzL4uJEP/MRAw==}
    dev: false

  /esbuild/0.17.18:
    resolution: {integrity: sha512-z1lix43jBs6UKjcZVKOw2xx69ffE2aG0PygLL5qJ9OS/gy0Ewd1gW/PUQIOIQGXBHWNywSc0floSKoMFF8aK2w==}
    engines: {node: '>=12'}
    hasBin: true
    requiresBuild: true
    optionalDependencies:
      '@esbuild/android-arm': 0.17.18
      '@esbuild/android-arm64': 0.17.18
      '@esbuild/android-x64': 0.17.18
      '@esbuild/darwin-arm64': 0.17.18
      '@esbuild/darwin-x64': 0.17.18
      '@esbuild/freebsd-arm64': 0.17.18
      '@esbuild/freebsd-x64': 0.17.18
      '@esbuild/linux-arm': 0.17.18
      '@esbuild/linux-arm64': 0.17.18
      '@esbuild/linux-ia32': 0.17.18
      '@esbuild/linux-loong64': 0.17.18
      '@esbuild/linux-mips64el': 0.17.18
      '@esbuild/linux-ppc64': 0.17.18
      '@esbuild/linux-riscv64': 0.17.18
      '@esbuild/linux-s390x': 0.17.18
      '@esbuild/linux-x64': 0.17.18
      '@esbuild/netbsd-x64': 0.17.18
      '@esbuild/openbsd-x64': 0.17.18
      '@esbuild/sunos-x64': 0.17.18
      '@esbuild/win32-arm64': 0.17.18
      '@esbuild/win32-ia32': 0.17.18
      '@esbuild/win32-x64': 0.17.18
    dev: true

  /fsevents/2.3.2:
    resolution: {integrity: sha512-xiqMQR4xAeHTuB9uWm+fFRcIOgKBMiOBP+eXiyT7jsgVCq1bkVygt00oASowB7EdtpOHaaPgKt812P9ab+DDKA==}
    engines: {node: ^8.16.0 || ^10.6.0 || >=11.0.0}
    os: [darwin]
    requiresBuild: true
    dev: true
    optional: true

  /gl-matrix/3.4.3:
    resolution: {integrity: sha512-wcCp8vu8FT22BnvKVPjXa/ICBWRq/zjFfdofZy1WSpQZpphblv12/bOQLBC1rMM7SGOFS9ltVmKOHil5+Ml7gA==}
    dev: false

  /js-tokens/4.0.0:
    resolution: {integrity: sha512-RdJUflcE3cUzKiMqQgsCu06FPu9UdIJO0beYbPhHN4k6apgJtifcoCtT9bcxOpYBtpD2kCM6Sbzg4CausW/PKQ==}
    dev: false

  /json2mq/0.2.0:
    resolution: {integrity: sha1-tje9O6nqvhIsg+lyBIOusQ0skEo=}
    dependencies:
      string-convert: 0.2.1
    dev: false

  /loose-envify/1.4.0:
    resolution: {integrity: sha512-lyuxPGr/Wfhrlem2CL/UcnUc1zcqKAImBDzukY7Y5F/yQiNdko6+fRLevlw1HgMySw7f611UIY408EtxRSoK3Q==}
    hasBin: true
    dependencies:
      js-tokens: 4.0.0
    dev: false

  /nanoid/3.3.6:
    resolution: {integrity: sha512-BGcqMMJuToF7i1rt+2PWSNVnWIkGCU78jBG3RxO/bZlnZPK2Cmi2QaffxGO/2RvWi9sL+FAiRiXMgsyxQ1DIDA==}
    engines: {node: ^10 || ^12 || ^13.7 || ^14 || >=15.0.1}
    hasBin: true
    dev: true

  /picocolors/1.0.0:
    resolution: {integrity: sha512-1fygroTLlHu66zi26VoTDv8yRgm0Fccecssto+MhsZ0D/DGW2sm8E8AjW7NU5VVTRt5GxbeZ5qBuJr+HyLYkjQ==}
    dev: true

  /postcss/8.4.23:
    resolution: {integrity: sha512-bQ3qMcpF6A/YjR55xtoTr0jGOlnPOKAIMdOWiv0EIT6HVPEaJiJB4NLljSbiHoC2RX7DN5Uvjtpbg1NPdwv1oA==}
    engines: {node: ^10 || ^12 || >=14}
    dependencies:
      nanoid: 3.3.6
      picocolors: 1.0.0
      source-map-js: 1.0.2
    dev: true

  /qrcode.react/3.1.0_react@18.2.0:
    resolution: {integrity: sha512-oyF+Urr3oAMUG/OiOuONL3HXM+53wvuH3mtIWQrYmsXoAq0DkvZp2RYUWFSMFtbdOpuS++9v+WAkzNVkMlNW6Q==}
    peerDependencies:
      react: ^16.8.0 || ^17.0.0 || ^18.0.0
    dependencies:
      react: 18.2.0
    dev: false

  /rc-align/4.0.15_biqbaboplfbrettd7655fr4n2y:
    resolution: {integrity: sha512-wqJtVH60pka/nOX7/IspElA8gjPNQKIx/ZqJ6heATCkXpe1Zg4cPVrMD2vC96wjsFFL8WsmhPbx9tdMo1qqlIA==}
    peerDependencies:
      react: '>=16.9.0'
      react-dom: '>=16.9.0'
    dependencies:
      '@babel/runtime': 7.21.5
      classnames: 2.3.2
      dom-align: 1.12.4
      rc-util: 5.30.0_biqbaboplfbrettd7655fr4n2y
      react: 18.2.0
      react-dom: 18.2.0_react@18.2.0
      resize-observer-polyfill: 1.5.1
    dev: false

  /rc-cascader/3.11.2_biqbaboplfbrettd7655fr4n2y:
    resolution: {integrity: sha512-/3cRLgC3KKcCzBtZVUBzZmxL4gkFulC1YBWuVbzA8ICrhT82bMlY4DMvgPxyNwBgWBlrdE3NDKzqcut0QVzZrQ==}
    peerDependencies:
      react: '>=16.9.0'
      react-dom: '>=16.9.0'
    dependencies:
      '@babel/runtime': 7.21.5
      array-tree-filter: 2.1.0
      classnames: 2.3.2
      rc-select: 14.4.3_biqbaboplfbrettd7655fr4n2y
      rc-tree: 5.7.3_biqbaboplfbrettd7655fr4n2y
      rc-util: 5.30.0_biqbaboplfbrettd7655fr4n2y
      react: 18.2.0
      react-dom: 18.2.0_react@18.2.0
    dev: false

  /rc-checkbox/3.0.1_biqbaboplfbrettd7655fr4n2y:
    resolution: {integrity: sha512-k7nxDWxYF+jDI0ZcCvuvj71xONmWRVe5+1MKcERRR9MRyP3tZ69b+yUCSXXh+sik4/Hc9P5wHr2nnUoGS2zBjA==}
    peerDependencies:
      react: '>=16.9.0'
      react-dom: '>=16.9.0'
    dependencies:
      '@babel/runtime': 7.21.5
      classnames: 2.3.2
      rc-util: 5.30.0_biqbaboplfbrettd7655fr4n2y
      react: 18.2.0
      react-dom: 18.2.0_react@18.2.0
    dev: false

  /rc-collapse/3.5.2_biqbaboplfbrettd7655fr4n2y:
    resolution: {integrity: sha512-/TNiT3DW1t3sUCiVD/DPUYooJZ3BLA93/2rZsB3eM2bGJCCla2X9D2E4tgm7LGMQGy5Atb2lMUn2FQuvQNvavQ==}
    peerDependencies:
      react: '>=16.9.0'
      react-dom: '>=16.9.0'
    dependencies:
      '@babel/runtime': 7.21.5
      classnames: 2.3.2
      rc-motion: 2.7.3_biqbaboplfbrettd7655fr4n2y
      rc-util: 5.30.0_biqbaboplfbrettd7655fr4n2y
      react: 18.2.0
      react-dom: 18.2.0_react@18.2.0
    dev: false

  /rc-dialog/9.1.0_biqbaboplfbrettd7655fr4n2y:
    resolution: {integrity: sha512-5ry+JABAWEbaKyYsmITtrJbZbJys8CtMyzV8Xn4LYuXMeUx5XVHNyJRoqLFE4AzBuXXzOWeaC49cg+XkxK6kHA==}
    peerDependencies:
      react: '>=16.9.0'
      react-dom: '>=16.9.0'
    dependencies:
      '@babel/runtime': 7.21.5
      '@rc-component/portal': 1.1.1_biqbaboplfbrettd7655fr4n2y
      classnames: 2.3.2
      rc-motion: 2.7.3_biqbaboplfbrettd7655fr4n2y
      rc-util: 5.30.0_biqbaboplfbrettd7655fr4n2y
      react: 18.2.0
      react-dom: 18.2.0_react@18.2.0
    dev: false

  /rc-drawer/6.1.5_biqbaboplfbrettd7655fr4n2y:
    resolution: {integrity: sha512-MDRomQXFi+tvDuwsRAddJ2Oy2ayLCZ29weMzp3rJFO9UNEVLEVV7nuyx5lEgNJIdM//tE6wWQV95cTUiMVqD6w==}
    peerDependencies:
      react: '>=16.9.0'
      react-dom: '>=16.9.0'
    dependencies:
      '@babel/runtime': 7.21.5
      '@rc-component/portal': 1.1.1_biqbaboplfbrettd7655fr4n2y
      classnames: 2.3.2
      rc-motion: 2.7.3_biqbaboplfbrettd7655fr4n2y
      rc-util: 5.30.0_biqbaboplfbrettd7655fr4n2y
      react: 18.2.0
      react-dom: 18.2.0_react@18.2.0
    dev: false

  /rc-dropdown/4.1.0_biqbaboplfbrettd7655fr4n2y:
    resolution: {integrity: sha512-VZjMunpBdlVzYpEdJSaV7WM7O0jf8uyDjirxXLZRNZ+tAC+NzD3PXPEtliFwGzVwBBdCmGuSqiS9DWcOLxQ9tw==}
    peerDependencies:
      react: '>=16.11.0'
      react-dom: '>=16.11.0'
    dependencies:
      '@babel/runtime': 7.21.5
      '@rc-component/trigger': 1.13.0_biqbaboplfbrettd7655fr4n2y
      classnames: 2.3.2
      rc-util: 5.30.0_biqbaboplfbrettd7655fr4n2y
      react: 18.2.0
      react-dom: 18.2.0_react@18.2.0
    dev: false

  /rc-field-form/1.31.0_biqbaboplfbrettd7655fr4n2y:
    resolution: {integrity: sha512-3u6crithuSQMfHaDL3rMvzjG5oXJQIgCTxDfT0pJL9kI/C2LWuR8GrApzOvB9gKcf8VvvnejzmSPnsUJz4YGmQ==}
    engines: {node: '>=8.x'}
    peerDependencies:
      react: '>=16.9.0'
      react-dom: '>=16.9.0'
    dependencies:
      '@babel/runtime': 7.21.5
      async-validator: 4.2.5
      rc-util: 5.30.0_biqbaboplfbrettd7655fr4n2y
      react: 18.2.0
      react-dom: 18.2.0_react@18.2.0
    dev: false

  /rc-image/5.16.0_biqbaboplfbrettd7655fr4n2y:
    resolution: {integrity: sha512-11DOye57IgTXh2yTsmxFNynZJG3tdx8RZnnaqb38eYWrBPPyhVHIuURxyiSZ8B68lEUAggR7SBA0Zb95KP/CyQ==}
    peerDependencies:
      react: '>=16.9.0'
      react-dom: '>=16.9.0'
    dependencies:
      '@babel/runtime': 7.21.5
      '@rc-component/portal': 1.1.1_biqbaboplfbrettd7655fr4n2y
      classnames: 2.3.2
      rc-dialog: 9.1.0_biqbaboplfbrettd7655fr4n2y
      rc-motion: 2.7.3_biqbaboplfbrettd7655fr4n2y
      rc-util: 5.30.0_biqbaboplfbrettd7655fr4n2y
      react: 18.2.0
      react-dom: 18.2.0_react@18.2.0
    dev: false

  /rc-input-number/7.4.2_biqbaboplfbrettd7655fr4n2y:
    resolution: {integrity: sha512-yGturTw7WGP+M1GbJ+UTAO7L4buxeW6oilhL9Sq3DezsRS8/9qec4UiXUbeoiX9bzvRXH11JvgskBtxSp4YSNg==}
    peerDependencies:
      react: '>=16.9.0'
      react-dom: '>=16.9.0'
    dependencies:
      '@babel/runtime': 7.21.5
      '@rc-component/mini-decimal': 1.0.1
      classnames: 2.3.2
      rc-util: 5.30.0_biqbaboplfbrettd7655fr4n2y
      react: 18.2.0
      react-dom: 18.2.0_react@18.2.0
    dev: false

  /rc-input/1.0.4_biqbaboplfbrettd7655fr4n2y:
    resolution: {integrity: sha512-clY4oneVHRtKHYf/HCxT/MO+4BGzCIywSNLosXWOm7fcQAS0jQW7n0an8Raa8JMB8kpxc8m28p7SNwFZmlMj6g==}
    peerDependencies:
      react: '>=16.0.0'
      react-dom: '>=16.0.0'
    dependencies:
      '@babel/runtime': 7.21.5
      classnames: 2.3.2
      rc-util: 5.30.0_biqbaboplfbrettd7655fr4n2y
      react: 18.2.0
      react-dom: 18.2.0_react@18.2.0
    dev: false

  /rc-mentions/2.2.0_biqbaboplfbrettd7655fr4n2y:
    resolution: {integrity: sha512-R7ncCldr02uKgJBBPlXdtnOGQIjZ9C3uoIMi4fabU3CPFdmefYlNF6QM4u2AzgcGt8V0KkoHTN5T6HPdUpet8g==}
    peerDependencies:
      react: '>=16.9.0'
      react-dom: '>=16.9.0'
    dependencies:
      '@babel/runtime': 7.21.5
      '@rc-component/trigger': 1.13.0_biqbaboplfbrettd7655fr4n2y
      classnames: 2.3.2
      rc-input: 1.0.4_biqbaboplfbrettd7655fr4n2y
      rc-menu: 9.8.4_biqbaboplfbrettd7655fr4n2y
      rc-textarea: 1.2.3_biqbaboplfbrettd7655fr4n2y
      rc-util: 5.30.0_biqbaboplfbrettd7655fr4n2y
      react: 18.2.0
      react-dom: 18.2.0_react@18.2.0
    dev: false

  /rc-menu/9.8.4_biqbaboplfbrettd7655fr4n2y:
    resolution: {integrity: sha512-lmw2j8I2fhdIzHmC9ajfImfckt0WDb2KVJJBBRIsxPEw2kGkEfjLMUoB1NgiNT/Q5cC8PdjGOGQjHJIJMwyNMw==}
    peerDependencies:
      react: '>=16.9.0'
      react-dom: '>=16.9.0'
    dependencies:
      '@babel/runtime': 7.21.5
      classnames: 2.3.2
      rc-motion: 2.7.3_biqbaboplfbrettd7655fr4n2y
      rc-overflow: 1.3.0_biqbaboplfbrettd7655fr4n2y
      rc-trigger: 5.3.4_biqbaboplfbrettd7655fr4n2y
      rc-util: 5.30.0_biqbaboplfbrettd7655fr4n2y
      react: 18.2.0
      react-dom: 18.2.0_react@18.2.0
    dev: false

  /rc-motion/2.7.3_biqbaboplfbrettd7655fr4n2y:
    resolution: {integrity: sha512-2xUvo8yGHdOHeQbdI8BtBsCIrWKchEmFEIskf0nmHtJsou+meLd/JE+vnvSX2JxcBrJtXY2LuBpxAOxrbY/wMQ==}
    peerDependencies:
      react: '>=16.9.0'
      react-dom: '>=16.9.0'
    dependencies:
      '@babel/runtime': 7.21.5
      classnames: 2.3.2
      rc-util: 5.30.0_biqbaboplfbrettd7655fr4n2y
      react: 18.2.0
      react-dom: 18.2.0_react@18.2.0
    dev: false

  /rc-notification/5.0.4_biqbaboplfbrettd7655fr4n2y:
    resolution: {integrity: sha512-3535oellIRlt1LspERfK8yvCqb8Gio3R02rULciaSc1xe3H7ArTU/khlUTv1ddGzua4HhmF4D4Rwz/+mBxETvg==}
    engines: {node: '>=8.x'}
    peerDependencies:
      react: '>=16.9.0'
      react-dom: '>=16.9.0'
    dependencies:
      '@babel/runtime': 7.21.5
      classnames: 2.3.2
      rc-motion: 2.7.3_biqbaboplfbrettd7655fr4n2y
      rc-util: 5.30.0_biqbaboplfbrettd7655fr4n2y
      react: 18.2.0
      react-dom: 18.2.0_react@18.2.0
    dev: false

  /rc-overflow/1.3.0_biqbaboplfbrettd7655fr4n2y:
    resolution: {integrity: sha512-p2Qt4SWPTHAYl4oAao1THy669Fm5q8pYBDBHRaFOekCvcdcrgIx0ByXQMEkyPm8wUDX4BK6aARWecvCRc/7CTA==}
    peerDependencies:
      react: '>=16.9.0'
      react-dom: '>=16.9.0'
    dependencies:
      '@babel/runtime': 7.21.5
      classnames: 2.3.2
      rc-resize-observer: 1.3.1_biqbaboplfbrettd7655fr4n2y
      rc-util: 5.30.0_biqbaboplfbrettd7655fr4n2y
      react: 18.2.0
      react-dom: 18.2.0_react@18.2.0
    dev: false

  /rc-pagination/3.3.1_biqbaboplfbrettd7655fr4n2y:
    resolution: {integrity: sha512-eI4dSeB3OrFxll7KzWa3ZH63LV2tHxt0AUmZmDwuI6vc3CK5lZhaKUYq0fRowb5586hN+L26j5WZoSz9cwEfjg==}
    peerDependencies:
      react: '>=16.9.0'
      react-dom: '>=16.9.0'
    dependencies:
      '@babel/runtime': 7.21.5
      classnames: 2.3.2
      react: 18.2.0
      react-dom: 18.2.0_react@18.2.0
    dev: false

  /rc-picker/3.7.4_mlnkrlbros4rghcauwy625gk7y:
    resolution: {integrity: sha512-V7oztqbIDCLjgOTHZ8ke68VN9IeQIwOpCMGjrsxuOhlq76xe9C21lePe+H0H29Obc/8s0a3+plk3cRWq4g7InA==}
    engines: {node: '>=8.x'}
    peerDependencies:
      date-fns: '>= 2.x'
      dayjs: '>= 1.x'
      luxon: '>= 3.x'
      moment: '>= 2.x'
      react: '>=16.9.0'
      react-dom: '>=16.9.0'
    peerDependenciesMeta:
      date-fns:
        optional: true
      dayjs:
        optional: true
      luxon:
        optional: true
      moment:
        optional: true
    dependencies:
      '@babel/runtime': 7.21.5
      '@rc-component/trigger': 1.13.0_biqbaboplfbrettd7655fr4n2y
      classnames: 2.3.2
      dayjs: 1.11.7
      rc-util: 5.30.0_biqbaboplfbrettd7655fr4n2y
      react: 18.2.0
      react-dom: 18.2.0_react@18.2.0
    dev: false

  /rc-progress/3.4.1_biqbaboplfbrettd7655fr4n2y:
    resolution: {integrity: sha512-eAFDHXlk8aWpoXl0llrenPMt9qKHQXphxcVsnKs0FHC6eCSk1ebJtyaVjJUzKe0233ogiLDeEFK1Uihz3s67hw==}
    peerDependencies:
      react: '>=16.9.0'
      react-dom: '>=16.9.0'
    dependencies:
      '@babel/runtime': 7.21.5
      classnames: 2.3.2
      rc-util: 5.30.0_biqbaboplfbrettd7655fr4n2y
      react: 18.2.0
      react-dom: 18.2.0_react@18.2.0
    dev: false

  /rc-rate/2.10.0_biqbaboplfbrettd7655fr4n2y:
    resolution: {integrity: sha512-TCjEpKPeN1m0EnGDDbb1KyxjNTJRzoReiPdtbrBJEey4Ryf/UGOQ6vqmz2yC6DJdYVDVUoZPdoz043ryh0t/nQ==}
    engines: {node: '>=8.x'}
    peerDependencies:
      react: '>=16.9.0'
      react-dom: '>=16.9.0'
    dependencies:
      '@babel/runtime': 7.21.5
      classnames: 2.3.2
      rc-util: 5.30.0_biqbaboplfbrettd7655fr4n2y
      react: 18.2.0
      react-dom: 18.2.0_react@18.2.0
    dev: false

  /rc-resize-observer/1.3.1_biqbaboplfbrettd7655fr4n2y:
    resolution: {integrity: sha512-iFUdt3NNhflbY3mwySv5CA1TC06zdJ+pfo0oc27xpf4PIOvfZwZGtD9Kz41wGYqC4SLio93RVAirSSpYlV/uYg==}
    peerDependencies:
      react: '>=16.9.0'
      react-dom: '>=16.9.0'
    dependencies:
      '@babel/runtime': 7.21.5
      classnames: 2.3.2
      rc-util: 5.30.0_biqbaboplfbrettd7655fr4n2y
      react: 18.2.0
      react-dom: 18.2.0_react@18.2.0
      resize-observer-polyfill: 1.5.1
    dev: false

  /rc-segmented/2.2.0_biqbaboplfbrettd7655fr4n2y:
    resolution: {integrity: sha512-654FffeZUVmG1cTPmMqQWhp81vw7MXBYuC1Z8l8lkjfJaFdxEd3nvcqEpaVCD7jW3083C/Inc0awiu4TO3IhMw==}
    peerDependencies:
      react: '>=16.0.0'
      react-dom: '>=16.0.0'
    dependencies:
      '@babel/runtime': 7.21.5
      classnames: 2.3.2
      rc-motion: 2.7.3_biqbaboplfbrettd7655fr4n2y
      rc-util: 5.30.0_biqbaboplfbrettd7655fr4n2y
      react: 18.2.0
      react-dom: 18.2.0_react@18.2.0
    dev: false

  /rc-select/14.4.3_biqbaboplfbrettd7655fr4n2y:
    resolution: {integrity: sha512-qoz4gNqm3SN+4dYKSCRiRkxKSEEdbS3jC6gdFYoYwEjDZ9sdQFo5jHlfQbF+hhai01HOoj1Hf8Gq6tpUvU+Gmw==}
    engines: {node: '>=8.x'}
    peerDependencies:
      react: '*'
      react-dom: '*'
    dependencies:
      '@babel/runtime': 7.21.5
      '@rc-component/trigger': 1.13.0_biqbaboplfbrettd7655fr4n2y
      classnames: 2.3.2
      rc-motion: 2.7.3_biqbaboplfbrettd7655fr4n2y
      rc-overflow: 1.3.0_biqbaboplfbrettd7655fr4n2y
      rc-util: 5.30.0_biqbaboplfbrettd7655fr4n2y
      rc-virtual-list: 3.5.1_biqbaboplfbrettd7655fr4n2y
      react: 18.2.0
      react-dom: 18.2.0_react@18.2.0
    dev: false

  /rc-slider/10.1.1_biqbaboplfbrettd7655fr4n2y:
    resolution: {integrity: sha512-gn8oXazZISEhnmRinI89Z/JD/joAaM35jp+gDtIVSTD/JJMCCBqThqLk1SVJmvtfeiEF/kKaFY0+qt4SDHFUDw==}
    engines: {node: '>=8.x'}
    peerDependencies:
      react: '>=16.9.0'
      react-dom: '>=16.9.0'
    dependencies:
      '@babel/runtime': 7.21.5
      classnames: 2.3.2
      rc-util: 5.30.0_biqbaboplfbrettd7655fr4n2y
      react: 18.2.0
      react-dom: 18.2.0_react@18.2.0
    dev: false

  /rc-steps/6.0.0_biqbaboplfbrettd7655fr4n2y:
    resolution: {integrity: sha512-+KfMZIty40mYCQSDvYbZ1jwnuObLauTiIskT1hL4FFOBHP6ZOr8LK0m143yD3kEN5XKHSEX1DIwCj3AYZpoeNQ==}
    engines: {node: '>=8.x'}
    peerDependencies:
      react: '>=16.9.0'
      react-dom: '>=16.9.0'
    dependencies:
      '@babel/runtime': 7.21.5
      classnames: 2.3.2
      rc-util: 5.30.0_biqbaboplfbrettd7655fr4n2y
      react: 18.2.0
      react-dom: 18.2.0_react@18.2.0
    dev: false

  /rc-switch/4.1.0_biqbaboplfbrettd7655fr4n2y:
    resolution: {integrity: sha512-TI8ufP2Az9oEbvyCeVE4+90PDSljGyuwix3fV58p7HV2o4wBnVToEyomJRVyTaZeqNPAp+vqeo4Wnj5u0ZZQBg==}
    peerDependencies:
      react: '>=16.9.0'
      react-dom: '>=16.9.0'
    dependencies:
      '@babel/runtime': 7.21.5
      classnames: 2.3.2
      rc-util: 5.30.0_biqbaboplfbrettd7655fr4n2y
      react: 18.2.0
      react-dom: 18.2.0_react@18.2.0
    dev: false

  /rc-table/7.32.1_biqbaboplfbrettd7655fr4n2y:
    resolution: {integrity: sha512-fHMQteKMocUC9I9Vex3eBLH7QsiaMR/qtzh3B1Ty2PoNGwVTwVdDFyRL05zch+JU3KnNNczgQeVvtf/p//gdrQ==}
    engines: {node: '>=8.x'}
    peerDependencies:
      react: '>=16.9.0'
      react-dom: '>=16.9.0'
    dependencies:
      '@babel/runtime': 7.21.5
      '@rc-component/context': 1.3.0_biqbaboplfbrettd7655fr4n2y
      classnames: 2.3.2
      rc-resize-observer: 1.3.1_biqbaboplfbrettd7655fr4n2y
      rc-util: 5.30.0_biqbaboplfbrettd7655fr4n2y
      react: 18.2.0
      react-dom: 18.2.0_react@18.2.0
    dev: false

  /rc-tabs/12.6.0_biqbaboplfbrettd7655fr4n2y:
    resolution: {integrity: sha512-L9yIptdrmft573MEsc+xKoGbXzfg3V6NYvgT0sNh+PSzWaeF34W7CIPi98lcWjtsYB80oFMOcAXRilUFxLHTaA==}
    engines: {node: '>=8.x'}
    peerDependencies:
      react: '>=16.9.0'
      react-dom: '>=16.9.0'
    dependencies:
      '@babel/runtime': 7.21.5
      classnames: 2.3.2
      rc-dropdown: 4.1.0_biqbaboplfbrettd7655fr4n2y
      rc-menu: 9.8.4_biqbaboplfbrettd7655fr4n2y
      rc-motion: 2.7.3_biqbaboplfbrettd7655fr4n2y
      rc-resize-observer: 1.3.1_biqbaboplfbrettd7655fr4n2y
      rc-util: 5.30.0_biqbaboplfbrettd7655fr4n2y
      react: 18.2.0
      react-dom: 18.2.0_react@18.2.0
    dev: false

  /rc-textarea/1.2.3_biqbaboplfbrettd7655fr4n2y:
    resolution: {integrity: sha512-YvN8IskIVBRRzcS4deT0VAMim31+T3IoVX4yoCJ+b/iVCvw7yf0usR7x8OaHiUOUoURKcn/3lfGjmtzplcy99g==}
    peerDependencies:
      react: '>=16.9.0'
      react-dom: '>=16.9.0'
    dependencies:
      '@babel/runtime': 7.21.5
      classnames: 2.3.2
      rc-input: 1.0.4_biqbaboplfbrettd7655fr4n2y
      rc-resize-observer: 1.3.1_biqbaboplfbrettd7655fr4n2y
      rc-util: 5.30.0_biqbaboplfbrettd7655fr4n2y
      react: 18.2.0
      react-dom: 18.2.0_react@18.2.0
    dev: false

  /rc-tooltip/6.0.1_biqbaboplfbrettd7655fr4n2y:
    resolution: {integrity: sha512-MdvPlsD1fDSxKp9+HjXrc/CxLmA/s11QYIh1R7aExxfodKP7CZA++DG1AjrW80F8IUdHYcR43HAm0Y2BYPelHA==}
    peerDependencies:
      react: '>=16.9.0'
      react-dom: '>=16.9.0'
    dependencies:
      '@babel/runtime': 7.21.5
      '@rc-component/trigger': 1.13.0_biqbaboplfbrettd7655fr4n2y
      classnames: 2.3.2
      react: 18.2.0
      react-dom: 18.2.0_react@18.2.0
    dev: false

  /rc-tree-select/5.8.0_biqbaboplfbrettd7655fr4n2y:
    resolution: {integrity: sha512-NozrkVLR8k3cpx8R5/YFmJMptgOacR5zEQHZGMQg31bD6jEgGiJeOn2cGRI6x0Xdyvi1CSqCbUsIoqiej74wzw==}
    peerDependencies:
      react: '*'
      react-dom: '*'
    dependencies:
      '@babel/runtime': 7.21.5
      classnames: 2.3.2
      rc-select: 14.4.3_biqbaboplfbrettd7655fr4n2y
      rc-tree: 5.7.3_biqbaboplfbrettd7655fr4n2y
      rc-util: 5.30.0_biqbaboplfbrettd7655fr4n2y
      react: 18.2.0
      react-dom: 18.2.0_react@18.2.0
    dev: false

  /rc-tree/5.7.3_biqbaboplfbrettd7655fr4n2y:
    resolution: {integrity: sha512-Oql2S9+ZmT+mfTp5SNo1XM0QvkENjc0mPRFsHWRFSPuKird0OYMZZKmLznUJ+0aGDeFFWN42wiUZJtMFhrLgLw==}
    engines: {node: '>=10.x'}
    peerDependencies:
      react: '*'
      react-dom: '*'
    dependencies:
      '@babel/runtime': 7.21.5
      classnames: 2.3.2
      rc-motion: 2.7.3_biqbaboplfbrettd7655fr4n2y
      rc-util: 5.30.0_biqbaboplfbrettd7655fr4n2y
      rc-virtual-list: 3.5.1_biqbaboplfbrettd7655fr4n2y
      react: 18.2.0
      react-dom: 18.2.0_react@18.2.0
    dev: false

  /rc-trigger/5.3.4_biqbaboplfbrettd7655fr4n2y:
    resolution: {integrity: sha512-mQv+vas0TwKcjAO2izNPkqR4j86OemLRmvL2nOzdP9OWNWA1ivoTt5hzFqYNW9zACwmTezRiN8bttrC7cZzYSw==}
    engines: {node: '>=8.x'}
    peerDependencies:
      react: '>=16.9.0'
      react-dom: '>=16.9.0'
    dependencies:
      '@babel/runtime': 7.21.5
      classnames: 2.3.2
      rc-align: 4.0.15_biqbaboplfbrettd7655fr4n2y
      rc-motion: 2.7.3_biqbaboplfbrettd7655fr4n2y
      rc-util: 5.30.0_biqbaboplfbrettd7655fr4n2y
      react: 18.2.0
      react-dom: 18.2.0_react@18.2.0
    dev: false

  /rc-upload/4.3.4_biqbaboplfbrettd7655fr4n2y:
    resolution: {integrity: sha512-uVbtHFGNjHG/RyAfm9fluXB6pvArAGyAx8z7XzXXyorEgVIWj6mOlriuDm0XowDHYz4ycNK0nE0oP3cbFnzxiQ==}
    peerDependencies:
      react: '>=16.9.0'
      react-dom: '>=16.9.0'
    dependencies:
      '@babel/runtime': 7.21.5
      classnames: 2.3.2
      rc-util: 5.30.0_biqbaboplfbrettd7655fr4n2y
      react: 18.2.0
      react-dom: 18.2.0_react@18.2.0
    dev: false

  /rc-util/5.30.0_biqbaboplfbrettd7655fr4n2y:
    resolution: {integrity: sha512-uaWpF/CZGyXuhQG71MWxkU+0bWkPEgqZUxEv251Cu7p3kpHDNm5+Ygu/U8ux0a/zbfGW8PsKcJL0XVBOMrlIZg==}
    peerDependencies:
      react: '>=16.9.0'
      react-dom: '>=16.9.0'
    dependencies:
      '@babel/runtime': 7.21.5
      react: 18.2.0
      react-dom: 18.2.0_react@18.2.0
      react-is: 16.13.1
    dev: false

  /rc-virtual-list/3.5.1_biqbaboplfbrettd7655fr4n2y:
    resolution: {integrity: sha512-LKeiurnV8vPNnZvaZLwyqTrkemjTo4W8ezjaiOuFbC1fU9hUWtJbou2zXXrXTY24zSTEYxaICuYnXzmyp6g/hQ==}
    engines: {node: '>=8.x'}
    peerDependencies:
      react: '*'
      react-dom: '*'
    dependencies:
      '@babel/runtime': 7.21.5
      classnames: 2.3.2
      rc-resize-observer: 1.3.1_biqbaboplfbrettd7655fr4n2y
      rc-util: 5.30.0_biqbaboplfbrettd7655fr4n2y
      react: 18.2.0
      react-dom: 18.2.0_react@18.2.0
    dev: false

  /react-dom/18.2.0_react@18.2.0:
    resolution: {integrity: sha512-6IMTriUmvsjHUjNtEDudZfuDQUoWXVxKHhlEGSk81n4YFS+r/Kl99wXiwlVXtPBtJenozv2P+hxDsw9eA7Xo6g==}
    peerDependencies:
      react: ^18.2.0
    dependencies:
      loose-envify: 1.4.0
      react: 18.2.0
      scheduler: 0.23.0
    dev: false

  /react-is/16.13.1:
    resolution: {integrity: sha512-24e6ynE2H+OKt4kqsOvNd8kBpV65zoxbA4BVsEOB3ARVWQki/DHzaUoC5KuON/BiccDaCCTZBuOcfZs70kR8bQ==}
    dev: false

  /react/18.2.0:
    resolution: {integrity: sha512-/3IjMdb2L9QbBdWiW5e3P2/npwMBaU9mHCSCUzNln0ZCYbcfTsGbTJrU/kGemdH2IWmB2ioZ+zkxtmq6g09fGQ==}
    engines: {node: '>=0.10.0'}
    dependencies:
      loose-envify: 1.4.0
    dev: false

  /regenerator-runtime/0.13.11:
    resolution: {integrity: sha512-kY1AZVr2Ra+t+piVaJ4gxaFaReZVH40AKNo7UCX6W+dEwBo/2oZJzqfuN1qLq1oL45o56cPaTXELwrTh8Fpggg==}
    dev: false

  /resize-observer-polyfill/1.5.1:
    resolution: {integrity: sha512-LwZrotdHOo12nQuZlHEmtuXdqGoOD0OhaxopaNFxWzInpEgaLWoVuAMbTzixuosCx2nEG58ngzW3vxdWoxIgdg==}
    dev: false

  /rollup/3.21.0:
    resolution: {integrity: sha512-ANPhVcyeHvYdQMUyCbczy33nbLzI7RzrBje4uvNiTDJGIMtlKoOStmympwr9OtS1LZxiDmE2wvxHyVhoLtf1KQ==}
    engines: {node: '>=14.18.0', npm: '>=8.0.0'}
    hasBin: true
    optionalDependencies:
      fsevents: 2.3.2
    dev: true

  /scheduler/0.23.0:
    resolution: {integrity: sha512-CtuThmgHNg7zIZWAXi3AsyIzA3n4xx7aNyjwC2VJldO2LMVDhFK+63xGqq6CsJH4rTAt6/M+N4GhZiDYPx9eUw==}
    dependencies:
      loose-envify: 1.4.0
    dev: false

  /scroll-into-view-if-needed/3.0.10:
    resolution: {integrity: sha512-t44QCeDKAPf1mtQH3fYpWz8IM/DyvHLjs8wUvvwMYxk5moOqCzrMSxK6HQVD0QVmVjXFavoFIPRVrMuJPKAvtg==}
    dependencies:
      compute-scroll-into-view: 3.0.3
    dev: false

  /source-map-js/1.0.2:
    resolution: {integrity: sha512-R0XvVJ9WusLiqTCEiGCmICCMplcCkIwwR11mOSD9CR5u+IXYdiseeEuXCVAjS54zqwkLcPNnmU4OeJ6tUrWhDw==}
    engines: {node: '>=0.10.0'}
    dev: true

  /string-convert/0.2.1:
    resolution: {integrity: sha1-aYLMMEn7tM2F+LJFaLnZvznu/5c=}
    dev: false

  /stylis/4.2.0:
    resolution: {integrity: sha512-Orov6g6BB1sDfYgzWfTHDOxamtX1bE/zo104Dh9e6fqJ3PooipYyfJ0pUmrZO2wAvO8YbEyeFrkV91XTsGMSrw==}
    dev: false

  /throttle-debounce/5.0.0:
    resolution: {integrity: sha512-2iQTSgkkc1Zyk0MeVrt/3BvuOXYPl/R8Z0U2xxo9rjwNciaHDG3R+Lm6dh4EeUci49DanvBnuqI6jshoQQRGEg==}
    engines: {node: '>=12.22'}
    dev: false

  /toggle-selection/1.0.6:
    resolution: {integrity: sha1-bkWxJj8gF/oKzH2J14sVuL932jI=}
    dev: false

  /typescript/4.9.5:
    resolution: {integrity: sha512-1FXk9E2Hm+QzZQ7z+McJiHL4NW1F2EzMu9Nq9i3zAaGqibafqYwCVU6WyWAuyQRRzOlxou8xZSyXLEN8oKj24g==}
    engines: {node: '>=4.2.0'}
    hasBin: true
    dev: true

  /vite/4.3.2:
    resolution: {integrity: sha512-9R53Mf+TBoXCYejcL+qFbZde+eZveQLDYd9XgULILLC1a5ZwPaqgmdVpL8/uvw2BM/1TzetWjglwm+3RO+xTyw==}
    engines: {node: ^14.18.0 || >=16.0.0}
    hasBin: true
    peerDependencies:
      '@types/node': '>= 14'
      less: '*'
      sass: '*'
      stylus: '*'
      sugarss: '*'
      terser: ^5.4.0
    peerDependenciesMeta:
      '@types/node':
        optional: true
      less:
        optional: true
      sass:
        optional: true
      stylus:
        optional: true
      sugarss:
        optional: true
      terser:
        optional: true
    dependencies:
      esbuild: 0.17.18
      postcss: 8.4.23
      rollup: 3.21.0
    optionalDependencies:
      fsevents: 2.3.2
    dev: true
